{
  "version": 4,
  "terraform_version": "1.2.7",
  "serial": 270,
  "lineage": "6b678301-3202-e803-efbf-ff98a2e05687",
  "outputs": {
    "website_endpoint2": {
      "value": "cae-s3-website1.s3-website-us-east-1.amazonaws.com",
      "type": "string"
    }
  },
  "resources": [
    {
      "module": "module.s3-website",
      "mode": "managed",
      "type": "aws_s3_bucket",
      "name": "static_site",
      "provider": "provider[\"registry.terraform.io/hashicorp/aws\"]",
      "instances": [
        {
          "schema_version": 0,
          "attributes": {
            "acceleration_status": "",
            "acl": null,
            "arn": "arn:aws:s3:::cae-s3-website1",
            "bucket": "cae-s3-website1",
            "bucket_domain_name": "cae-s3-website1.s3.amazonaws.com",
            "bucket_prefix": null,
            "bucket_regional_domain_name": "cae-s3-website1.s3.amazonaws.com",
            "cors_rule": [],
            "force_destroy": false,
            "grant": [
              {
                "id": "6b3c7bdb374b6df11d5b01678b93ee431ed82b074dd3e132ccad0a7613685353",
                "permissions": [
                  "FULL_CONTROL"
                ],
                "type": "CanonicalUser",
                "uri": ""
              }
            ],
            "hosted_zone_id": "Z3AQBSTGFYJSTF",
            "id": "cae-s3-website1",
            "lifecycle_rule": [],
            "logging": [],
            "object_lock_configuration": [],
            "object_lock_enabled": false,
            "policy": "",
            "region": "us-east-1",
            "replication_configuration": [],
            "request_payer": "BucketOwner",
            "server_side_encryption_configuration": [],
            "tags": null,
            "tags_all": {},
            "timeouts": null,
            "versioning": [
              {
                "enabled": false,
                "mfa_delete": false
              }
            ],
            "website": [],
            "website_domain": null,
            "website_endpoint": null
          },
          "sensitive_attributes": [],
          "private": "eyJlMmJmYjczMC1lY2FhLTExZTYtOGY4OC0zNDM2M2JjN2M0YzAiOnsiY3JlYXRlIjoxMjAwMDAwMDAwMDAwLCJkZWxldGUiOjM2MDAwMDAwMDAwMDAsInJlYWQiOjEyMDAwMDAwMDAwMDAsInVwZGF0ZSI6MTIwMDAwMDAwMDAwMH19"
        }
      ]
    },
    {
      "module": "module.s3-website",
      "mode": "managed",
      "type": "aws_s3_bucket_acl",
      "name": "static_site_acl",
      "provider": "provider[\"registry.terraform.io/hashicorp/aws\"]",
      "instances": [
        {
          "schema_version": 0,
          "attributes": {
            "access_control_policy": [
              {
                "grant": [
                  {
                    "grantee": [
                      {
                        "display_name": "",
                        "email_address": "",
                        "id": "",
                        "type": "Group",
                        "uri": "http://acs.amazonaws.com/groups/global/AllUsers"
                      }
                    ],
                    "permission": "READ"
                  },
                  {
                    "grantee": [
                      {
                        "display_name": "cae.gonzalez.1988",
                        "email_address": "",
                        "id": "6b3c7bdb374b6df11d5b01678b93ee431ed82b074dd3e132ccad0a7613685353",
                        "type": "CanonicalUser",
                        "uri": ""
                      }
                    ],
                    "permission": "FULL_CONTROL"
                  }
                ],
                "owner": [
                  {
                    "display_name": "cae.gonzalez.1988",
                    "id": "6b3c7bdb374b6df11d5b01678b93ee431ed82b074dd3e132ccad0a7613685353"
                  }
                ]
              }
            ],
            "acl": "public-read",
            "bucket": "cae-s3-website1",
            "expected_bucket_owner": "",
            "id": "cae-s3-website1,public-read"
          },
          "sensitive_attributes": [],
          "private": "bnVsbA==",
          "dependencies": [
            "module.s3-website.aws_s3_bucket.static_site"
          ]
        }
      ]
    },
    {
      "module": "module.s3-website",
      "mode": "managed",
      "type": "aws_s3_bucket_website_configuration",
      "name": "static_site_config",
      "provider": "provider[\"registry.terraform.io/hashicorp/aws\"]",
      "instances": [
        {
          "schema_version": 0,
          "attributes": {
            "bucket": "cae-s3-website1",
            "error_document": [],
            "expected_bucket_owner": "",
            "id": "cae-s3-website1",
            "index_document": [
              {
                "suffix": "index.html"
              }
            ],
            "redirect_all_requests_to": [],
            "routing_rule": [],
            "routing_rules": "",
            "website_domain": "s3-website-us-east-1.amazonaws.com",
            "website_endpoint": "cae-s3-website1.s3-website-us-east-1.amazonaws.com"
          },
          "sensitive_attributes": [],
          "private": "bnVsbA==",
          "dependencies": [
            "module.s3-website.aws_s3_bucket.static_site"
          ]
        }
      ]
    },
    {
      "module": "module.s3-website",
      "mode": "managed",
      "type": "aws_s3_object",
      "name": "index",
      "provider": "provider[\"registry.terraform.io/hashicorp/aws\"]",
      "instances": [
        {
          "schema_version": 0,
          "attributes": {
            "acl": "public-read",
            "bucket": "cae-s3-website1",
            "bucket_key_enabled": false,
            "cache_control": "",
            "content": null,
            "content_base64": null,
            "content_disposition": "",
            "content_encoding": "",
            "content_language": "",
            "content_type": "text/html",
            "etag": "972360486f457cc726a1ca0fb53381b0",
            "force_destroy": false,
            "id": "index.html",
            "key": "index.html",
            "kms_key_id": null,
            "metadata": null,
            "object_lock_legal_hold_status": "",
            "object_lock_mode": "",
            "object_lock_retain_until_date": "",
            "server_side_encryption": "",
            "source": "/home/kegby/udemy/terraform_course1/static-website-terraform-deploy-aws/live/cae-s3-website1/html/index.html",
            "source_hash": null,
            "storage_class": "STANDARD",
            "tags": null,
            "tags_all": {},
            "version_id": "",
            "website_redirect": ""
          },
          "sensitive_attributes": [],
          "private": "bnVsbA==",
          "dependencies": [
            "module.s3-website.aws_s3_bucket.static_site"
          ]
        }
      ]
    },
    {
      "module": "module.s3-website",
      "mode": "managed",
      "type": "aws_s3_object",
      "name": "page3",
      "provider": "provider[\"registry.terraform.io/hashicorp/aws\"]",
      "instances": [
        {
          "schema_version": 0,
          "attributes": {
            "acl": "public-read",
            "bucket": "cae-s3-website1",
            "bucket_key_enabled": false,
            "cache_control": "",
            "content": null,
            "content_base64": null,
            "content_disposition": "",
            "content_encoding": "",
            "content_language": "",
            "content_type": "text/html",
            "etag": "93fa01d5da346c700d4624ca38dca7e8",
            "force_destroy": false,
            "id": "page3.html",
            "key": "page3.html",
            "kms_key_id": null,
            "metadata": null,
            "object_lock_legal_hold_status": "",
            "object_lock_mode": "",
            "object_lock_retain_until_date": "",
            "server_side_encryption": "",
            "source": "/home/kegby/udemy/terraform_course1/static-website-terraform-deploy-aws/live/cae-s3-website1/html/page3.html",
            "source_hash": null,
            "storage_class": "STANDARD",
            "tags": null,
            "tags_all": {},
            "version_id": "",
            "website_redirect": ""
          },
          "sensitive_attributes": [],
          "private": "bnVsbA==",
          "dependencies": [
            "module.s3-website.aws_s3_bucket.static_site"
          ]
        }
      ]
    },
    {
      "module": "module.s3-website",
      "mode": "managed",
      "type": "aws_s3_object",
      "name": "qst",
      "provider": "provider[\"registry.terraform.io/hashicorp/aws\"]",
      "instances": [
        {
          "schema_version": 0,
          "attributes": {
            "acl": "public-read",
            "bucket": "cae-s3-website1",
            "bucket_key_enabled": false,
            "cache_control": "",
            "content": null,
            "content_base64": null,
            "content_disposition": "",
            "content_encoding": "",
            "content_language": "",
            "content_type": "text/html",
            "etag": "ab9586efadf3e5e9b5e92cff12dd686b",
            "force_destroy": false,
            "id": "qst.html",
            "key": "qst.html",
            "kms_key_id": null,
            "metadata": null,
            "object_lock_legal_hold_status": "",
            "object_lock_mode": "",
            "object_lock_retain_until_date": "",
            "server_side_encryption": "",
            "source": "/home/kegby/udemy/terraform_course1/static-website-terraform-deploy-aws/live/cae-s3-website1/html/qst.html",
            "source_hash": null,
            "storage_class": "STANDARD",
            "tags": null,
            "tags_all": {},
            "version_id": "",
            "website_redirect": ""
          },
          "sensitive_attributes": [],
          "private": "bnVsbA==",
          "dependencies": [
            "module.s3-website.aws_s3_bucket.static_site"
          ]
        }
      ]
    },
    {
      "module": "module.s3-website",
      "mode": "managed",
      "type": "aws_s3_object",
      "name": "styles",
      "provider": "provider[\"registry.terraform.io/hashicorp/aws\"]",
      "instances": [
        {
          "schema_version": 0,
          "attributes": {
            "acl": "public-read",
            "bucket": "cae-s3-website1",
            "bucket_key_enabled": false,
            "cache_control": "",
            "content": null,
            "content_base64": null,
            "content_disposition": "",
            "content_encoding": "",
            "content_language": "",
            "content_type": "text/css",
            "etag": "68f13f905572ce84fc798d038a5daddd",
            "force_destroy": false,
            "id": "styles.css",
            "key": "styles.css",
            "kms_key_id": null,
            "metadata": null,
            "object_lock_legal_hold_status": "",
            "object_lock_mode": "",
            "object_lock_retain_until_date": "",
            "server_side_encryption": "",
            "source": "/home/kegby/udemy/terraform_course1/static-website-terraform-deploy-aws/live/cae-s3-website1/styles/styles.css",
            "source_hash": null,
            "storage_class": "STANDARD",
            "tags": null,
            "tags_all": {},
            "version_id": "",
            "website_redirect": ""
          },
          "sensitive_attributes": [],
          "private": "bnVsbA==",
          "dependencies": [
            "module.s3-website.aws_s3_bucket.static_site"
          ]
        }
      ]
    },
    {
      "module": "module.s3-website",
      "mode": "managed",
      "type": "aws_s3_object",
      "name": "table",
      "provider": "provider[\"registry.terraform.io/hashicorp/aws\"]",
      "instances": [
        {
          "schema_version": 0,
          "attributes": {
            "acl": "public-read",
            "bucket": "cae-s3-website1",
            "bucket_key_enabled": false,
            "cache_control": "",
            "content": null,
            "content_base64": null,
            "content_disposition": "",
            "content_encoding": "",
            "content_language": "",
            "content_type": "text/html",
            "etag": "7396407c8c10ecef446b553e65538be8",
            "force_destroy": false,
            "id": "table.html",
            "key": "table.html",
            "kms_key_id": null,
            "metadata": null,
            "object_lock_legal_hold_status": "",
            "object_lock_mode": "",
            "object_lock_retain_until_date": "",
            "server_side_encryption": "",
            "source": "/home/kegby/udemy/terraform_course1/static-website-terraform-deploy-aws/live/cae-s3-website1/html/table.html",
            "source_hash": null,
            "storage_class": "STANDARD",
            "tags": null,
            "tags_all": {},
            "version_id": "",
            "website_redirect": ""
          },
          "sensitive_attributes": [],
          "private": "bnVsbA==",
          "dependencies": [
            "module.s3-website.aws_s3_bucket.static_site"
          ]
        }
      ]
    }
  ]
}
